lockfileVersion: '9.0'

settings:
  autoInstallPeers: true
  excludeLinksFromLockfile: false

importers:

  .:
    devDependencies:
      '@xterm/addon-serialize':
        specifier: ^0.14.0
        version: 0.14.0
      '@xterm/headless':
        specifier: ^6.0.0
        version: 6.0.0
      '@xterm/xterm':
        specifier: ^6.0.0
        version: 6.0.0
      node-pty:
        specifier: ^1.1.0
        version: 1.1.0
      playwright:
        specifier: ^1.60.0
        version: 1.60.0

packages:

  '@xterm/addon-serialize@0.14.0':
    resolution: {integrity: sha512-uteyTU1EkrQa2Ux6P/uFl2fzmXI46jy5uoQMKEOM0fKTyiW7cSn0WrFenHm5vO5uEXX/GpwW/FgILvv3r0WbkA==}

  '@xterm/headless@6.0.0':
    resolution: {integrity: sha512-5Yj1QINYCyzrZtf8OFIHi47iQtI+0qYFPHmouEfG8dHNxbZ9Tb9YGSuLcsEwj9Z+OL75GJqPyJbyoFer80a2Hw==}

  '@xterm/xterm@6.0.0':
    resolution: {integrity: sha512-TQwDdQGtwwDt+2cgKDLn0IRaSxYu1tSUjgKarSDkUM0ZNiSRXFpjxEsvc/Zgc5kq5omJ+V0a8/kIM2WD3sMOYg==}

  fsevents@2.3.2:
    resolution: {integrity: sha512-xiqMQR4xAeHTuB9uWm+fFRcIOgKBMiOBP+eXiyT7jsgVCq1bkVygt00oASowB7EdtpOHaaPgKt812P9ab+DDKA==}
    engines: {node: ^8.16.0 || ^10.6.0 || >=11.0.0}
    os: [darwin]

  node-addon-api@7.1.1:
    resolution: {integrity: sha512-5m3bsyrjFWE1xf7nz7YXdN4udnVtXK6/Yfgn5qnahL6bCkf2yKt4k3nuTKAtT4r3IG8JNR2ncsIMdZuAzJjHQQ==}

  node-pty@1.1.0:
    resolution: {integrity: sha512-20JqtutY6JPXTUnL0ij1uad7Qe1baT46lyolh2sSENDd4sTzKZ4nmAFkeAARDKwmlLjPx6XKRlwRUxwjOy+lUg==}

  playwright-core@1.60.0:
    resolution: {integrity: sha512-9bW6zvX/m0lEbgTKJ6YppOKx8H3VOPBMOCFh2irXFOT4BbHgrx5hPjwJYLT40Lu+4qtD36qKc/Hn56StUW57IA==}
    engines: {node: '>=18'}
    hasBin: true

  playwright@1.60.0:
    resolution: {integrity: sha512-hheHdokM8cdqCb0lcE3s+zT4t4W+vvjpGxsZlDnikarzx8tSzMebh3UiFtgqwFwnTnjYQcsyMF8ei2mCO/tpeA==}
    engines: {node: '>=18'}
    hasBin: true

snapshots:

  '@xterm/addon-serialize@0.14.0': {}

  '@xterm/headless@6.0.0': {}

  '@xterm/xterm@6.0.0': {}

  fsevents@2.3.2:
    optional: true

  node-addon-api@7.1.1: {}

  node-pty@1.1.0:
    dependencies:
      node-addon-api: 7.1.1

  playwright-core@1.60.0: {}

  playwright@1.60.0:
    dependencies:
      playwright-core: 1.60.0
    optionalDependencies:
      fsevents: 2.3.2
